# THIS IS AN AUTOGENERATED FILE. DO NOT EDIT THIS FILE DIRECTLY.
# yarn lockfile v1


bootstrap@^4.0.0:
  version "4.0.0"
  resolved "https://registry.yarnpkg.com/bootstrap/-/bootstrap-4.0.0.tgz#ceb03842c145fcc1b9b4e15da2a05656ba68469a"

cleave.js@^1.1.2:
  version "1.1.2"
  resolved "https://registry.yarnpkg.com/cleave.js/-/cleave.js-1.1.2.tgz#60b44d73f833233591bcc79a18a6568e1245309c"

flatpickr@^4.3.2:
  version "4.3.2"
  resolved "https://registry.yarnpkg.com/flatpickr/-/flatpickr-4.3.2.tgz#6a477043c075ef36c3ff54fadb49b936a64d635f"

fullpage.js@^2.9.6:
  version "2.9.6"
  resolved "https://registry.yarnpkg.com/fullpage.js/-/fullpage.js-2.9.6.tgz#8ab8ea65fd99c3abd58f0d7be290b83fb1c0999d"
  dependencies:
    jquery ">=1.6.0"

jquery@>=1.6.0, jquery@^3.3.1:
  version "3.3.1"
  resolved "https://registry.yarnpkg.com/jquery/-/jquery-3.3.1.tgz#958ce29e81c9790f31be7792df5d4d95fc57fbca"
